// !$*UTF8*$!
{
	archiveVersion = 1;
	classes = {
	};
	objectVersion = 56;
	objects = {

/* Begin PBXBuildFile section */
		245FCC7C2AD4B098000B37C5 /* main.cpp in Sources */ = {isa = PBXBuildFile; fileRef = 245FCC7B2AD4B098000B37C5 /* main.cpp */; };
		245FCC862AD4B0C4000B37C5 /* baseAbstractClass.cpp in Sources */ = {isa = PBXBuildFile; fileRef = 245FCC832AD4B0C4000B37C5 /* baseAbstractClass.cpp */; };
		245FCC872AD4B0C4000B37C5 /* Child1.cpp in Sources */ = {isa = PBXBuildFile; fileRef = 245FCC852AD4B0C4000B37C5 /* Child1.cpp */; };
		24D33CAF2AD8739300ADA0E6 /* Child2.cpp in Sources */ = {isa = PBXBuildFile; fileRef = 24D33CAD2AD8739300ADA0E6 /* Child2.cpp */; };
		24EA453A2AD840470092ED9A /* keeper.cpp in Sources */ = {isa = PBXBuildFile; fileRef = 24EA45382AD840470092ED9A /* keeper.cpp */; };
		24FE98752AD8C4F60041ADC2 /* Child3.cpp in Sources */ = {isa = PBXBuildFile; fileRef = 24FE98732AD8C4F60041ADC2 /* Child3.cpp */; };
/* End PBXBuildFile section */

/* Begin PBXCopyFilesBuildPhase section */
		245FCC762AD4B098000B37C5 /* CopyFiles */ = {
			isa = PBXCopyFilesBuildPhase;
			buildActionMask = 2147483647;
			dstPath = /usr/share/man/man1/;
			dstSubfolderSpec = 0;
			files = (
			);
			runOnlyForDeploymentPostprocessing = 1;
		};
/* End PBXCopyFilesBuildPhase section */

/* Begin PBXFileReference section */
		245FCC782AD4B098000B37C5 /* UniversityManagementSystem */ = {isa = PBXFileReference; explicitFileType = "compiled.mach-o.executable"; includeInIndex = 0; path = UniversityManagementSystem; sourceTree = BUILT_PRODUCTS_DIR; };
		245FCC7B2AD4B098000B37C5 /* main.cpp */ = {isa = PBXFileReference; lastKnownFileType = sourcecode.cpp.cpp; path = main.cpp; sourceTree = "<group>"; };
		245FCC822AD4B0C3000B37C5 /* Child1.hpp */ = {isa = PBXFileReference; fileEncoding = 4; lastKnownFileType = sourcecode.cpp.h; path = Child1.hpp; sourceTree = "<group>"; };
		245FCC832AD4B0C4000B37C5 /* baseAbstractClass.cpp */ = {isa = PBXFileReference; fileEncoding = 4; lastKnownFileType = sourcecode.cpp.cpp; path = baseAbstractClass.cpp; sourceTree = "<group>"; };
		245FCC842AD4B0C4000B37C5 /* baseAbstractClass.hpp */ = {isa = PBXFileReference; fileEncoding = 4; lastKnownFileType = sourcecode.cpp.h; path = baseAbstractClass.hpp; sourceTree = "<group>"; };
		245FCC852AD4B0C4000B37C5 /* Child1.cpp */ = {isa = PBXFileReference; fileEncoding = 4; lastKnownFileType = sourcecode.cpp.cpp; path = Child1.cpp; sourceTree = "<group>"; };
		24D33CAD2AD8739300ADA0E6 /* Child2.cpp */ = {isa = PBXFileReference; lastKnownFileType = sourcecode.cpp.cpp; path = Child2.cpp; sourceTree = "<group>"; };
		24D33CAE2AD8739300ADA0E6 /* Child2.hpp */ = {isa = PBXFileReference; lastKnownFileType = sourcecode.cpp.h; path = Child2.hpp; sourceTree = "<group>"; };
		24EA45382AD840470092ED9A /* keeper.cpp */ = {isa = PBXFileReference; lastKnownFileType = sourcecode.cpp.cpp; path = keeper.cpp; sourceTree = "<group>"; };
		24EA45392AD840470092ED9A /* keeper.hpp */ = {isa = PBXFileReference; lastKnownFileType = sourcecode.cpp.h; path = keeper.hpp; sourceTree = "<group>"; };
		24FE98732AD8C4F60041ADC2 /* Child3.cpp */ = {isa = PBXFileReference; lastKnownFileType = sourcecode.cpp.cpp; path = Child3.cpp; sourceTree = "<group>"; };
		24FE98742AD8C4F60041ADC2 /* Child3.hpp */ = {isa = PBXFileReference; lastKnownFileType = sourcecode.cpp.h; path = Child3.hpp; sourceTree = "<group>"; };
/* End PBXFileReference section */

/* Begin PBXFrameworksBuildPhase section */
		245FCC752AD4B098000B37C5 /* Frameworks */ = {
			isa = PBXFrameworksBuildPhase;
			buildActionMask = 2147483647;
			files = (
			);
			runOnlyForDeploymentPostprocessing = 0;
		};
/* End PBXFrameworksBuildPhase section */

/* Begin PBXGroup section */
		245FCC6F2AD4B098000B37C5 = {
			isa = PBXGroup;
			children = (
				245FCC7A2AD4B098000B37C5 /* UniversityManagementSystem */,
				245FCC792AD4B098000B37C5 /* Products */,
			);
			sourceTree = "<group>";
		};
		245FCC792AD4B098000B37C5 /* Products */ = {
			isa = PBXGroup;
			children = (
				245FCC782AD4B098000B37C5 /* UniversityManagementSystem */,
			);
			name = Products;
			sourceTree = "<group>";
		};
		245FCC7A2AD4B098000B37C5 /* UniversityManagementSystem */ = {
			isa = PBXGroup;
			children = (
				245FCC7B2AD4B098000B37C5 /* main.cpp */,
				24FE98732AD8C4F60041ADC2 /* Child3.cpp */,
				24FE98742AD8C4F60041ADC2 /* Child3.hpp */,
				24D33CAD2AD8739300ADA0E6 /* Child2.cpp */,
				24D33CAE2AD8739300ADA0E6 /* Child2.hpp */,
				245FCC832AD4B0C4000B37C5 /* baseAbstractClass.cpp */,
				245FCC842AD4B0C4000B37C5 /* baseAbstractClass.hpp */,
				245FCC852AD4B0C4000B37C5 /* Child1.cpp */,
				245FCC822AD4B0C3000B37C5 /* Child1.hpp */,
				24EA45382AD840470092ED9A /* keeper.cpp */,
				24EA45392AD840470092ED9A /* keeper.hpp */,
			);
			path = UniversityManagementSystem;
			sourceTree = "<group>";
		};
/* End PBXGroup section */

/* Begin PBXNativeTarget section */
		245FCC772AD4B098000B37C5 /* UniversityManagementSystem */ = {
			isa = PBXNativeTarget;
			buildConfigurationList = 245FCC7F2AD4B098000B37C5 /* Build configuration list for PBXNativeTarget "UniversityManagementSystem" */;
			buildPhases = (
				245FCC742AD4B098000B37C5 /* Sources */,
				245FCC752AD4B098000B37C5 /* Frameworks */,
				245FCC762AD4B098000B37C5 /* CopyFiles */,
			);
			buildRules = (
			);
			dependencies = (
			);
			name = UniversityManagementSystem;
			productName = UniversityManagementSystem;
			productReference = 245FCC782AD4B098000B37C5 /* UniversityManagementSystem */;
			productType = "com.apple.product-type.tool";
		};
/* End PBXNativeTarget section */

/* Begin PBXProject section */
		245FCC702AD4B098000B37C5 /* Project object */ = {
			isa = PBXProject;
			attributes = {
				BuildIndependentTargetsInParallel = 1;
				LastUpgradeCheck = 1430;
				TargetAttributes = {
					245FCC772AD4B098000B37C5 = {
						CreatedOnToolsVersion = 14.3.1;
					};
				};
			};
			buildConfigurationList = 245FCC732AD4B098000B37C5 /* Build configuration list for PBXProject "UniversityManagementSystem" */;
			compatibilityVersion = "Xcode 14.0";
			developmentRegion = en;
			hasScannedForEncodings = 0;
			knownRegions = (
				en,
				Base,
			);
			mainGroup = 245FCC6F2AD4B098000B37C5;
			productRefGroup = 245FCC792AD4B098000B37C5 /* Products */;
			projectDirPath = "";
			projectRoot = "";
			targets = (
				245FCC772AD4B098000B37C5 /* UniversityManagementSystem */,
			);
		};
/* End PBXProject section */

/* Begin PBXSourcesBuildPhase section */
		245FCC742AD4B098000B37C5 /* Sources */ = {
			isa = PBXSourcesBuildPhase;
			buildActionMask = 2147483647;
			files = (
				24FE98752AD8C4F60041ADC2 /* Child3.cpp in Sources */,
				245FCC7C2AD4B098000B37C5 /* main.cpp in Sources */,
				245FCC862AD4B0C4000B37C5 /* baseAbstractClass.cpp in Sources */,
				245FCC872AD4B0C4000B37C5 /* Child1.cpp in Sources */,
				24D33CAF2AD8739300ADA0E6 /* Child2.cpp in Sources */,
				24EA453A2AD840470092ED9A /* keeper.cpp in Sources */,
			);
			runOnlyForDeploymentPostprocessing = 0;
		};
/* End PBXSourcesBuildPhase section */

/* Begin XCBuildConfiguration section */
		245FCC7D2AD4B098000B37C5 /* Debug */ = {
			isa = XCBuildConfiguration;
			buildSettings = {
				ALWAYS_SEARCH_USER_PATHS = NO;
				CLANG_ANALYZER_NONNULL = YES;
				CLANG_ANALYZER_NUMBER_OBJECT_CONVERSION = YES_AGGRESSIVE;
				CLANG_CXX_LANGUAGE_STANDARD = "gnu++20";
				CLANG_ENABLE_MODULES = YES;
				CLANG_ENABLE_OBJC_ARC = YES;
				CLANG_ENABLE_OBJC_WEAK = YES;
				CLANG_WARN_BLOCK_CAPTURE_AUTORELEASING = YES;
				CLANG_WARN_BOOL_CONVERSION = YES;
				CLANG_WARN_COMMA = YES;
				CLANG_WARN_CONSTANT_CONVERSION = YES;
				CLANG_WARN_DEPRECATED_OBJC_IMPLEMENTATIONS = YES;
				CLANG_WARN_DIRECT_OBJC_ISA_USAGE = YES_ERROR;
				CLANG_WARN_DOCUMENTATION_COMMENTS = YES;
				CLANG_WARN_EMPTY_BODY = YES;
				CLANG_WARN_ENUM_CONVERSION = YES;
				CLANG_WARN_INFINITE_RECURSION = YES;
				CLANG_WARN_INT_CONVERSION = YES;
				CLANG_WARN_NON_LITERAL_NULL_CONVERSION = YES;
				CLANG_WARN_OBJC_IMPLICIT_RETAIN_SELF = YES;
				CLANG_WARN_OBJC_LITERAL_CONVERSION = YES;
				CLANG_WARN_OBJC_ROOT_CLASS = YES_ERROR;
				CLANG_WARN_QUOTED_INCLUDE_IN_FRAMEWORK_HEADER = YES;
				CLANG_WARN_RANGE_LOOP_ANALYSIS = YES;
				CLANG_WARN_STRICT_PROTOTYPES = YES;
				CLANG_WARN_SUSPICIOUS_MOVE = YES;
				CLANG_WARN_UNGUARDED_AVAILABILITY = YES_AGGRESSIVE;
				CLANG_WARN_UNREACHABLE_CODE = YES;
				CLANG_WARN__DUPLICATE_METHOD_MATCH = YES;
				COPY_PHASE_STRIP = NO;
				DEBUG_INFORMATION_FORMAT = dwarf;
				ENABLE_STRICT_OBJC_MSGSEND = YES;
				ENABLE_TESTABILITY = YES;
				GCC_C_LANGUAGE_STANDARD = gnu11;
				GCC_DYNAMIC_NO_PIC = NO;
				GCC_NO_COMMON_BLOCKS = YES;
				GCC_OPTIMIZATION_LEVEL = 0;
				GCC_PREPROCESSOR_DEFINITIONS = (
					"DEBUG=1",
					"$(inherited)",
				);
				GCC_WARN_64_TO_32_BIT_CONVERSION = YES;
				GCC_WARN_ABOUT_RETURN_TYPE = YES_ERROR;
				GCC_WARN_UNDECLARED_SELECTOR = YES;
				GCC_WARN_UNINITIALIZED_AUTOS = YES_AGGRESSIVE;
				GCC_WARN_UNUSED_FUNCTION = YES;
				GCC_WARN_UNUSED_VARIABLE = YES;
				MACOSX_DEPLOYMENT_TARGET = 13.3;
				MTL_ENABLE_DEBUG_INFO = INCLUDE_SOURCE;
				MTL_FAST_MATH = YES;
				ONLY_ACTIVE_ARCH = YES;
				SDKROOT = macosx;
			};
			name = Debug;
		};
		245FCC7E2AD4B098000B37C5 /* Release */ = {
			isa = XCBuildConfiguration;
			buildSettings = {
				ALWAYS_SEARCH_USER_PATHS = NO;
				CLANG_ANALYZER_NONNULL = YES;
				CLANG_ANALYZER_NUMBER_OBJECT_CONVERSION = YES_AGGRESSIVE;
				CLANG_CXX_LANGUAGE_STANDARD = "gnu++20";
				CLANG_ENABLE_MODULES = YES;
				CLANG_ENABLE_OBJC_ARC = YES;
				CLANG_ENABLE_OBJC_WEAK = YES;
				CLANG_WARN_BLOCK_CAPTURE_AUTORELEASING = YES;
				CLANG_WARN_BOOL_CONVERSION = YES;
				CLANG_WARN_COMMA = YES;
				CLANG_WARN_CONSTANT_CONVERSION = YES;
				CLANG_WARN_DEPRECATED_OBJC_IMPLEMENTATIONS = YES;
				CLANG_WARN_DIRECT_OBJC_ISA_USAGE = YES_ERROR;
				CLANG_WARN_DOCUMENTATION_COMMENTS = YES;
				CLANG_WARN_EMPTY_BODY = YES;
				CLANG_WARN_ENUM_CONVERSION = YES;
				CLANG_WARN_INFINITE_RECURSION = YES;
				CLANG_WARN_INT_CONVERSION = YES;
				CLANG_WARN_NON_LITERAL_NULL_CONVERSION = YES;
				CLANG_WARN_OBJC_IMPLICIT_RETAIN_SELF = YES;
				CLANG_WARN_OBJC_LITERAL_CONVERSION = YES;
				CLANG_WARN_OBJC_ROOT_CLASS = YES_ERROR;
				CLANG_WARN_QUOTED_INCLUDE_IN_FRAMEWORK_HEADER = YES;
				CLANG_WARN_RANGE_LOOP_ANALYSIS = YES;
				CLANG_WARN_STRICT_PROTOTYPES = YES;
				CLANG_WARN_SUSPICIOUS_MOVE = YES;
				CLANG_WARN_UNGUARDED_AVAILABILITY = YES_AGGRESSIVE;
				CLANG_WARN_UNREACHABLE_CODE = YES;
				CLANG_WARN__DUPLICATE_METHOD_MATCH = YES;
				COPY_PHASE_STRIP = NO;
				DEBUG_INFORMATION_FORMAT = "dwarf-with-dsym";
				ENABLE_NS_ASSERTIONS = NO;
				ENABLE_STRICT_OBJC_MSGSEND = YES;
				GCC_C_LANGUAGE_STANDARD = gnu11;
				GCC_NO_COMMON_BLOCKS = YES;
				GCC_WARN_64_TO_32_BIT_CONVERSION = YES;
				GCC_WARN_ABOUT_RETURN_TYPE = YES_ERROR;
				GCC_WARN_UNDECLARED_SELECTOR = YES;
				GCC_WARN_UNINITIALIZED_AUTOS = YES_AGGRESSIVE;
				GCC_WARN_UNUSED_FUNCTION = YES;
				GCC_WARN_UNUSED_VARIABLE = YES;
				MACOSX_DEPLOYMENT_TARGET = 13.3;
				MTL_ENABLE_DEBUG_INFO = NO;
				MTL_FAST_MATH = YES;
				SDKROOT = macosx;
			};
			name = Release;
		};
		245FCC802AD4B098000B37C5 /* Debug */ = {
			isa = XCBuildConfiguration;
			buildSettings = {
				CODE_SIGN_STYLE = Automatic;
				DEVELOPMENT_TEAM = 9K3F42JS69;
				ENABLE_HARDENED_RUNTIME = YES;
				PRODUCT_NAME = "$(TARGET_NAME)";
			};
			name = Debug;
		};
		245FCC812AD4B098000B37C5 /* Release */ = {
			isa = XCBuildConfiguration;
			buildSettings = {
				CODE_SIGN_STYLE = Automatic;
				DEVELOPMENT_TEAM = 9K3F42JS69;
				ENABLE_HARDENED_RUNTIME = YES;
				PRODUCT_NAME = "$(TARGET_NAME)";
			};
			name = Release;
		};
/* End XCBuildConfiguration section */

/* Begin XCConfigurationList section */
		245FCC732AD4B098000B37C5 /* Build configuration list for PBXProject "UniversityManagementSystem" */ = {
			isa = XCConfigurationList;
			buildConfigurations = (
				245FCC7D2AD4B098000B37C5 /* Debug */,
				245FCC7E2AD4B098000B37C5 /* Release */,
			);
			defaultConfigurationIsVisible = 0;
			defaultConfigurationName = Release;
		};
		245FCC7F2AD4B098000B37C5 /* Build configuration list for PBXNativeTarget "UniversityManagementSystem" */ = {
			isa = XCConfigurationList;
			buildConfigurations = (
				245FCC802AD4B098000B37C5 /* Debug */,
				245FCC812AD4B098000B37C5 /* Release */,
			);
			defaultConfigurationIsVisible = 0;
			defaultConfigurationName = Release;
		};
/* End XCConfigurationList section */
	};
	rootObject = 245FCC702AD4B098000B37C5 /* Project object */;
}
